// !$*UTF8*$!
{
	archiveVersion = 1;
	classes = {
	};
	objectVersion = 50;
	objects = {

/* Begin PBXBuildFile section */
		CF1E171025E8F72F003444B9 /* PlaceModel.swift in Sources */ = {isa = PBXBuildFile; fileRef = CF1E170F25E8F72F003444B9 /* PlaceModel.swift */; };
		CF1E171525E8F98E003444B9 /* ApiService.swift in Sources */ = {isa = PBXBuildFile; fileRef = CF1E171425E8F98E003444B9 /* ApiService.swift */; };
		CF48F74925E8EAB50019BFA4 /* AppDelegate.swift in Sources */ = {isa = PBXBuildFile; fileRef = CF48F74825E8EAB50019BFA4 /* AppDelegate.swift */; };
		CF48F74B25E8EAB50019BFA4 /* SceneDelegate.swift in Sources */ = {isa = PBXBuildFile; fileRef = CF48F74A25E8EAB50019BFA4 /* SceneDelegate.swift */; };
		CF48F74D25E8EAB50019BFA4 /* ViewController.swift in Sources */ = {isa = PBXBuildFile; fileRef = CF48F74C25E8EAB50019BFA4 /* ViewController.swift */; };
		CF48F75025E8EAB50019BFA4 /* Main.storyboard in Resources */ = {isa = PBXBuildFile; fileRef = CF48F74E25E8EAB50019BFA4 /* Main.storyboard */; };
		CF48F75225E8EAB70019BFA4 /* Assets.xcassets in Resources */ = {isa = PBXBuildFile; fileRef = CF48F75125E8EAB70019BFA4 /* Assets.xcassets */; };
		CF48F75525E8EAB70019BFA4 /* LaunchScreen.storyboard in Resources */ = {isa = PBXBuildFile; fileRef = CF48F75325E8EAB70019BFA4 /* LaunchScreen.storyboard */; };
		CF48F75F25E8EC3B0019BFA4 /* PlaceTableViewCell.swift in Sources */ = {isa = PBXBuildFile; fileRef = CF48F75D25E8EC3B0019BFA4 /* PlaceTableViewCell.swift */; };
		CF48F76025E8EC3B0019BFA4 /* PlaceTableViewCell.xib in Resources */ = {isa = PBXBuildFile; fileRef = CF48F75E25E8EC3B0019BFA4 /* PlaceTableViewCell.xib */; };
		CFE614F825E920210068A0FB /* Extensions.swift in Sources */ = {isa = PBXBuildFile; fileRef = CFE614F725E920210068A0FB /* Extensions.swift */; };
		CFE614FD25E927800068A0FB /* DetailViewController.swift in Sources */ = {isa = PBXBuildFile; fileRef = CFE614FB25E927800068A0FB /* DetailViewController.swift */; };
		CFE614FE25E927800068A0FB /* DetailViewController.xib in Resources */ = {isa = PBXBuildFile; fileRef = CFE614FC25E927800068A0FB /* DetailViewController.xib */; };
		CFE6D86425E9004E00B8E16D /* PlaceViewModel.swift in Sources */ = {isa = PBXBuildFile; fileRef = CFE6D86325E9004E00B8E16D /* PlaceViewModel.swift */; };
/* End PBXBuildFile section */

/* Begin PBXFileReference section */
		CF1E170F25E8F72F003444B9 /* PlaceModel.swift */ = {isa = PBXFileReference; lastKnownFileType = sourcecode.swift; path = PlaceModel.swift; sourceTree = "<group>"; };
		CF1E171425E8F98E003444B9 /* ApiService.swift */ = {isa = PBXFileReference; lastKnownFileType = sourcecode.swift; path = ApiService.swift; sourceTree = "<group>"; };
		CF48F74525E8EAB50019BFA4 /* BeautifulIndonesia.app */ = {isa = PBXFileReference; explicitFileType = wrapper.application; includeInIndex = 0; path = BeautifulIndonesia.app; sourceTree = BUILT_PRODUCTS_DIR; };
		CF48F74825E8EAB50019BFA4 /* AppDelegate.swift */ = {isa = PBXFileReference; lastKnownFileType = sourcecode.swift; path = AppDelegate.swift; sourceTree = "<group>"; };
		CF48F74A25E8EAB50019BFA4 /* SceneDelegate.swift */ = {isa = PBXFileReference; lastKnownFileType = sourcecode.swift; path = SceneDelegate.swift; sourceTree = "<group>"; };
		CF48F74C25E8EAB50019BFA4 /* ViewController.swift */ = {isa = PBXFileReference; lastKnownFileType = sourcecode.swift; path = ViewController.swift; sourceTree = "<group>"; };
		CF48F74F25E8EAB50019BFA4 /* Base */ = {isa = PBXFileReference; lastKnownFileType = file.storyboard; name = Base; path = Base.lproj/Main.storyboard; sourceTree = "<group>"; };
		CF48F75125E8EAB70019BFA4 /* Assets.xcassets */ = {isa = PBXFileReference; lastKnownFileType = folder.assetcatalog; path = Assets.xcassets; sourceTree = "<group>"; };
		CF48F75425E8EAB70019BFA4 /* Base */ = {isa = PBXFileReference; lastKnownFileType = file.storyboard; name = Base; path = Base.lproj/LaunchScreen.storyboard; sourceTree = "<group>"; };
		CF48F75625E8EAB70019BFA4 /* Info.plist */ = {isa = PBXFileReference; lastKnownFileType = text.plist.xml; path = Info.plist; sourceTree = "<group>"; };
		CF48F75D25E8EC3B0019BFA4 /* PlaceTableViewCell.swift */ = {isa = PBXFileReference; lastKnownFileType = sourcecode.swift; path = PlaceTableViewCell.swift; sourceTree = "<group>"; };
		CF48F75E25E8EC3B0019BFA4 /* PlaceTableViewCell.xib */ = {isa = PBXFileReference; lastKnownFileType = file.xib; path = PlaceTableViewCell.xib; sourceTree = "<group>"; };
		CFE614F725E920210068A0FB /* Extensions.swift */ = {isa = PBXFileReference; lastKnownFileType = sourcecode.swift; path = Extensions.swift; sourceTree = "<group>"; };
		CFE614FB25E927800068A0FB /* DetailViewController.swift */ = {isa = PBXFileReference; lastKnownFileType = sourcecode.swift; path = DetailViewController.swift; sourceTree = "<group>"; };
		CFE614FC25E927800068A0FB /* DetailViewController.xib */ = {isa = PBXFileReference; lastKnownFileType = file.xib; path = DetailViewController.xib; sourceTree = "<group>"; };
		CFE6D86325E9004E00B8E16D /* PlaceViewModel.swift */ = {isa = PBXFileReference; lastKnownFileType = sourcecode.swift; path = PlaceViewModel.swift; sourceTree = "<group>"; };
/* End PBXFileReference section */

/* Begin PBXFrameworksBuildPhase section */
		CF48F74225E8EAB50019BFA4 /* Frameworks */ = {
			isa = PBXFrameworksBuildPhase;
			buildActionMask = 2147483647;
			files = (
			);
			runOnlyForDeploymentPostprocessing = 0;
		};
/* End PBXFrameworksBuildPhase section */

/* Begin PBXGroup section */
		CF1E170A25E8F13D003444B9 /* View */ = {
			isa = PBXGroup;
			children = (
				CFE614FC25E927800068A0FB /* DetailViewController.xib */,
				CF48F74E25E8EAB50019BFA4 /* Main.storyboard */,
				CF48F75E25E8EC3B0019BFA4 /* PlaceTableViewCell.xib */,
				CF48F75325E8EAB70019BFA4 /* LaunchScreen.storyboard */,
			);
			path = View;
			sourceTree = "<group>";
		};
		CF1E170C25E8F151003444B9 /* Controller */ = {
			isa = PBXGroup;
			children = (
				CF48F74C25E8EAB50019BFA4 /* ViewController.swift */,
				CF48F75D25E8EC3B0019BFA4 /* PlaceTableViewCell.swift */,
				CFE614FB25E927800068A0FB /* DetailViewController.swift */,
			);
			path = Controller;
			sourceTree = "<group>";
		};
		CF1E170D25E8F15D003444B9 /* Model */ = {
			isa = PBXGroup;
			children = (
				CF1E170F25E8F72F003444B9 /* PlaceModel.swift */,
			);
			path = Model;
			sourceTree = "<group>";
		};
		CF1E170E25E8F164003444B9 /* Base */ = {
			isa = PBXGroup;
			children = (
				CF48F74825E8EAB50019BFA4 /* AppDelegate.swift */,
				CF48F74A25E8EAB50019BFA4 /* SceneDelegate.swift */,
			);
			path = Base;
			sourceTree = "<group>";
		};
		CF1E171325E8F95B003444B9 /* Network */ = {
			isa = PBXGroup;
			children = (
				CF1E171425E8F98E003444B9 /* ApiService.swift */,
			);
			path = Network;
			sourceTree = "<group>";
		};
		CF48F73C25E8EAB50019BFA4 = {
			isa = PBXGroup;
			children = (
				CF48F74725E8EAB50019BFA4 /* BeautifulIndonesia */,
				CF48F74625E8EAB50019BFA4 /* Products */,
			);
			sourceTree = "<group>";
		};
		CF48F74625E8EAB50019BFA4 /* Products */ = {
			isa = PBXGroup;
			children = (
				CF48F74525E8EAB50019BFA4 /* BeautifulIndonesia.app */,
			);
			name = Products;
			sourceTree = "<group>";
		};
		CF48F74725E8EAB50019BFA4 /* BeautifulIndonesia */ = {
			isa = PBXGroup;
			children = (
				CFE614F625E920020068A0FB /* Utils */,
				CFE6D86625E9084F00B8E16D /* ViewModel */,
				CF1E171325E8F95B003444B9 /* Network */,
				CF1E170E25E8F164003444B9 /* Base */,
				CF1E170D25E8F15D003444B9 /* Model */,
				CF1E170C25E8F151003444B9 /* Controller */,
				CF1E170A25E8F13D003444B9 /* View */,
				CF48F75125E8EAB70019BFA4 /* Assets.xcassets */,
				CF48F75625E8EAB70019BFA4 /* Info.plist */,
			);
			path = BeautifulIndonesia;
			sourceTree = "<group>";
		};
		CFE614F625E920020068A0FB /* Utils */ = {
			isa = PBXGroup;
			children = (
				CFE614F725E920210068A0FB /* Extensions.swift */,
			);
			path = Utils;
			sourceTree = "<group>";
		};
		CFE6D86625E9084F00B8E16D /* ViewModel */ = {
			isa = PBXGroup;
			children = (
				CFE6D86325E9004E00B8E16D /* PlaceViewModel.swift */,
			);
			path = ViewModel;
			sourceTree = "<group>";
		};
/* End PBXGroup section */

/* Begin PBXNativeTarget section */
		CF48F74425E8EAB50019BFA4 /* BeautifulIndonesia */ = {
			isa = PBXNativeTarget;
			buildConfigurationList = CF48F75925E8EAB70019BFA4 /* Build configuration list for PBXNativeTarget "BeautifulIndonesia" */;
			buildPhases = (
				CF48F74125E8EAB50019BFA4 /* Sources */,
				CF48F74225E8EAB50019BFA4 /* Frameworks */,
				CF48F74325E8EAB50019BFA4 /* Resources */,
			);
			buildRules = (
			);
			dependencies = (
			);
			name = BeautifulIndonesia;
			productName = BeautifulIndonesia;
			productReference = CF48F74525E8EAB50019BFA4 /* BeautifulIndonesia.app */;
			productType = "com.apple.product-type.application";
		};
/* End PBXNativeTarget section */

/* Begin PBXProject section */
		CF48F73D25E8EAB50019BFA4 /* Project object */ = {
			isa = PBXProject;
			attributes = {
				LastSwiftUpdateCheck = 1240;
				LastUpgradeCheck = 1240;
				TargetAttributes = {
					CF48F74425E8EAB50019BFA4 = {
						CreatedOnToolsVersion = 12.4;
					};
				};
			};
			buildConfigurationList = CF48F74025E8EAB50019BFA4 /* Build configuration list for PBXProject "BeautifulIndonesia" */;
			compatibilityVersion = "Xcode 9.3";
			developmentRegion = en;
			hasScannedForEncodings = 0;
			knownRegions = (
				en,
				Base,
			);
			mainGroup = CF48F73C25E8EAB50019BFA4;
			productRefGroup = CF48F74625E8EAB50019BFA4 /* Products */;
			projectDirPath = "";
			projectRoot = "";
			targets = (
				CF48F74425E8EAB50019BFA4 /* BeautifulIndonesia */,
			);
		};
/* End PBXProject section */

/* Begin PBXResourcesBuildPhase section */
		CF48F74325E8EAB50019BFA4 /* Resources */ = {
			isa = PBXResourcesBuildPhase;
			buildActionMask = 2147483647;
			files = (
				CF48F75525E8EAB70019BFA4 /* LaunchScreen.storyboard in Resources */,
				CF48F75225E8EAB70019BFA4 /* Assets.xcassets in Resources */,
				CFE614FE25E927800068A0FB /* DetailViewController.xib in Resources */,
				CF48F75025E8EAB50019BFA4 /* Main.storyboard in Resources */,
				CF48F76025E8EC3B0019BFA4 /* PlaceTableViewCell.xib in Resources */,
			);
			runOnlyForDeploymentPostprocessing = 0;
		};
/* End PBXResourcesBuildPhase section */

/* Begin PBXSourcesBuildPhase section */
		CF48F74125E8EAB50019BFA4 /* Sources */ = {
			isa = PBXSourcesBuildPhase;
			buildActionMask = 2147483647;
			files = (
				CFE614FD25E927800068A0FB /* DetailViewController.swift in Sources */,
				CF48F74D25E8EAB50019BFA4 /* ViewController.swift in Sources */,
				CF48F74925E8EAB50019BFA4 /* AppDelegate.swift in Sources */,
				CF1E171525E8F98E003444B9 /* ApiService.swift in Sources */,
				CFE614F825E920210068A0FB /* Extensions.swift in Sources */,
				CFE6D86425E9004E00B8E16D /* PlaceViewModel.swift in Sources */,
				CF1E171025E8F72F003444B9 /* PlaceModel.swift in Sources */,
				CF48F74B25E8EAB50019BFA4 /* SceneDelegate.swift in Sources */,
				CF48F75F25E8EC3B0019BFA4 /* PlaceTableViewCell.swift in Sources */,
			);
			runOnlyForDeploymentPostprocessing = 0;
		};
/* End PBXSourcesBuildPhase section */

/* Begin PBXVariantGroup section */
		CF48F74E25E8EAB50019BFA4 /* Main.storyboard */ = {
			isa = PBXVariantGroup;
			children = (
				CF48F74F25E8EAB50019BFA4 /* Base */,
			);
			name = Main.storyboard;
			sourceTree = "<group>";
		};
		CF48F75325E8EAB70019BFA4 /* LaunchScreen.storyboard */ = {
			isa = PBXVariantGroup;
			children = (
				CF48F75425E8EAB70019BFA4 /* Base */,
			);
			name = LaunchScreen.storyboard;
			sourceTree = "<group>";
		};
/* End PBXVariantGroup section */

/* Begin XCBuildConfiguration section */
		CF48F75725E8EAB70019BFA4 /* Debug */ = {
			isa = XCBuildConfiguration;
			buildSettings = {
				ALWAYS_SEARCH_USER_PATHS = NO;
				CLANG_ANALYZER_NONNULL = YES;
				CLANG_ANALYZER_NUMBER_OBJECT_CONVERSION = YES_AGGRESSIVE;
				CLANG_CXX_LANGUAGE_STANDARD = "gnu++14";
				CLANG_CXX_LIBRARY = "libc++";
				CLANG_ENABLE_MODULES = YES;
				CLANG_ENABLE_OBJC_ARC = YES;
				CLANG_ENABLE_OBJC_WEAK = YES;
				CLANG_WARN_BLOCK_CAPTURE_AUTORELEASING = YES;
				CLANG_WARN_BOOL_CONVERSION = YES;
				CLANG_WARN_COMMA = YES;
				CLANG_WARN_CONSTANT_CONVERSION = YES;
				CLANG_WARN_DEPRECATED_OBJC_IMPLEMENTATIONS = YES;
				CLANG_WARN_DIRECT_OBJC_ISA_USAGE = YES_ERROR;
				CLANG_WARN_DOCUMENTATION_COMMENTS = YES;
				CLANG_WARN_EMPTY_BODY = YES;
				CLANG_WARN_ENUM_CONVERSION = YES;
				CLANG_WARN_INFINITE_RECURSION = YES;
				CLANG_WARN_INT_CONVERSION = YES;
				CLANG_WARN_NON_LITERAL_NULL_CONVERSION = YES;
				CLANG_WARN_OBJC_IMPLICIT_RETAIN_SELF = YES;
				CLANG_WARN_OBJC_LITERAL_CONVERSION = YES;
				CLANG_WARN_OBJC_ROOT_CLASS = YES_ERROR;
				CLANG_WARN_QUOTED_INCLUDE_IN_FRAMEWORK_HEADER = YES;
				CLANG_WARN_RANGE_LOOP_ANALYSIS = YES;
				CLANG_WARN_STRICT_PROTOTYPES = YES;
				CLANG_WARN_SUSPICIOUS_MOVE = YES;
				CLANG_WARN_UNGUARDED_AVAILABILITY = YES_AGGRESSIVE;
				CLANG_WARN_UNREACHABLE_CODE = YES;
				CLANG_WARN__DUPLICATE_METHOD_MATCH = YES;
				COPY_PHASE_STRIP = NO;
				DEBUG_INFORMATION_FORMAT = dwarf;
				ENABLE_STRICT_OBJC_MSGSEND = YES;
				ENABLE_TESTABILITY = YES;
				GCC_C_LANGUAGE_STANDARD = gnu11;
				GCC_DYNAMIC_NO_PIC = NO;
				GCC_NO_COMMON_BLOCKS = YES;
				GCC_OPTIMIZATION_LEVEL = 0;
				GCC_PREPROCESSOR_DEFINITIONS = (
					"DEBUG=1",
					"$(inherited)",
				);
				GCC_WARN_64_TO_32_BIT_CONVERSION = YES;
				GCC_WARN_ABOUT_RETURN_TYPE = YES_ERROR;
				GCC_WARN_UNDECLARED_SELECTOR = YES;
				GCC_WARN_UNINITIALIZED_AUTOS = YES_AGGRESSIVE;
				GCC_WARN_UNUSED_FUNCTION = YES;
				GCC_WARN_UNUSED_VARIABLE = YES;
				IPHONEOS_DEPLOYMENT_TARGET = 14.4;
				MTL_ENABLE_DEBUG_INFO = INCLUDE_SOURCE;
				MTL_FAST_MATH = YES;
				ONLY_ACTIVE_ARCH = YES;
				SDKROOT = iphoneos;
				SWIFT_ACTIVE_COMPILATION_CONDITIONS = DEBUG;
				SWIFT_OPTIMIZATION_LEVEL = "-Onone";
			};
			name = Debug;
		};
		CF48F75825E8EAB70019BFA4 /* Release */ = {
			isa = XCBuildConfiguration;
			buildSettings = {
				ALWAYS_SEARCH_USER_PATHS = NO;
				CLANG_ANALYZER_NONNULL = YES;
				CLANG_ANALYZER_NUMBER_OBJECT_CONVERSION = YES_AGGRESSIVE;
				CLANG_CXX_LANGUAGE_STANDARD = "gnu++14";
				CLANG_CXX_LIBRARY = "libc++";
				CLANG_ENABLE_MODULES = YES;
				CLANG_ENABLE_OBJC_ARC = YES;
				CLANG_ENABLE_OBJC_WEAK = YES;
				CLANG_WARN_BLOCK_CAPTURE_AUTORELEASING = YES;
				CLANG_WARN_BOOL_CONVERSION = YES;
				CLANG_WARN_COMMA = YES;
				CLANG_WARN_CONSTANT_CONVERSION = YES;
				CLANG_WARN_DEPRECATED_OBJC_IMPLEMENTATIONS = YES;
				CLANG_WARN_DIRECT_OBJC_ISA_USAGE = YES_ERROR;
				CLANG_WARN_DOCUMENTATION_COMMENTS = YES;
				CLANG_WARN_EMPTY_BODY = YES;
				CLANG_WARN_ENUM_CONVERSION = YES;
				CLANG_WARN_INFINITE_RECURSION = YES;
				CLANG_WARN_INT_CONVERSION = YES;
				CLANG_WARN_NON_LITERAL_NULL_CONVERSION = YES;
				CLANG_WARN_OBJC_IMPLICIT_RETAIN_SELF = YES;
				CLANG_WARN_OBJC_LITERAL_CONVERSION = YES;
				CLANG_WARN_OBJC_ROOT_CLASS = YES_ERROR;
				CLANG_WARN_QUOTED_INCLUDE_IN_FRAMEWORK_HEADER = YES;
				CLANG_WARN_RANGE_LOOP_ANALYSIS = YES;
				CLANG_WARN_STRICT_PROTOTYPES = YES;
				CLANG_WARN_SUSPICIOUS_MOVE = YES;
				CLANG_WARN_UNGUARDED_AVAILABILITY = YES_AGGRESSIVE;
				CLANG_WARN_UNREACHABLE_CODE = YES;
				CLANG_WARN__DUPLICATE_METHOD_MATCH = YES;
				COPY_PHASE_STRIP = NO;
				DEBUG_INFORMATION_FORMAT = "dwarf-with-dsym";
				ENABLE_NS_ASSERTIONS = NO;
				ENABLE_STRICT_OBJC_MSGSEND = YES;
				GCC_C_LANGUAGE_STANDARD = gnu11;
				GCC_NO_COMMON_BLOCKS = YES;
				GCC_WARN_64_TO_32_BIT_CONVERSION = YES;
				GCC_WARN_ABOUT_RETURN_TYPE = YES_ERROR;
				GCC_WARN_UNDECLARED_SELECTOR = YES;
				GCC_WARN_UNINITIALIZED_AUTOS = YES_AGGRESSIVE;
				GCC_WARN_UNUSED_FUNCTION = YES;
				GCC_WARN_UNUSED_VARIABLE = YES;
				IPHONEOS_DEPLOYMENT_TARGET = 14.4;
				MTL_ENABLE_DEBUG_INFO = NO;
				MTL_FAST_MATH = YES;
				SDKROOT = iphoneos;
				SWIFT_COMPILATION_MODE = wholemodule;
				SWIFT_OPTIMIZATION_LEVEL = "-O";
				VALIDATE_PRODUCT = YES;
			};
			name = Release;
		};
		CF48F75A25E8EAB70019BFA4 /* Debug */ = {
			isa = XCBuildConfiguration;
			buildSettings = {
				ASSETCATALOG_COMPILER_APPICON_NAME = AppIcon;
				ASSETCATALOG_COMPILER_GLOBAL_ACCENT_COLOR_NAME = AccentColor;
				CODE_SIGN_STYLE = Automatic;
				DEVELOPMENT_TEAM = KRF6V32MMS;
				INFOPLIST_FILE = BeautifulIndonesia/Info.plist;
				LD_RUNPATH_SEARCH_PATHS = (
					"$(inherited)",
					"@executable_path/Frameworks",
				);
				PRODUCT_BUNDLE_IDENTIFIER = com.agustiyan.BeautifulIndonesia;
				PRODUCT_NAME = "$(TARGET_NAME)";
				SWIFT_VERSION = 5.0;
				TARGETED_DEVICE_FAMILY = "1,2";
			};
			name = Debug;
		};
		CF48F75B25E8EAB70019BFA4 /* Release */ = {
			isa = XCBuildConfiguration;
			buildSettings = {
				ASSETCATALOG_COMPILER_APPICON_NAME = AppIcon;
				ASSETCATALOG_COMPILER_GLOBAL_ACCENT_COLOR_NAME = AccentColor;
				CODE_SIGN_STYLE = Automatic;
				DEVELOPMENT_TEAM = KRF6V32MMS;
				INFOPLIST_FILE = BeautifulIndonesia/Info.plist;
				LD_RUNPATH_SEARCH_PATHS = (
					"$(inherited)",
					"@executable_path/Frameworks",
				);
				PRODUCT_BUNDLE_IDENTIFIER = com.agustiyan.BeautifulIndonesia;
				PRODUCT_NAME = "$(TARGET_NAME)";
				SWIFT_VERSION = 5.0;
				TARGETED_DEVICE_FAMILY = "1,2";
			};
			name = Release;
		};
/* End XCBuildConfiguration section */

/* Begin XCConfigurationList section */
		CF48F74025E8EAB50019BFA4 /* Build configuration list for PBXProject "BeautifulIndonesia" */ = {
			isa = XCConfigurationList;
			buildConfigurations = (
				CF48F75725E8EAB70019BFA4 /* Debug */,
				CF48F75825E8EAB70019BFA4 /* Release */,
			);
			defaultConfigurationIsVisible = 0;
			defaultConfigurationName = Release;
		};
		CF48F75925E8EAB70019BFA4 /* Build configuration list for PBXNativeTarget "BeautifulIndonesia" */ = {
			isa = XCConfigurationList;
			buildConfigurations = (
				CF48F75A25E8EAB70019BFA4 /* Debug */,
				CF48F75B25E8EAB70019BFA4 /* Release */,
			);
			defaultConfigurationIsVisible = 0;
			defaultConfigurationName = Release;
		};
/* End XCConfigurationList section */
	};
	rootObject = CF48F73D25E8EAB50019BFA4 /* Project object */;
}
